{
  "object": {
    "pins": [
      {
        "package": "NotarizationAuditLog",
        "repositoryURL": "https://github.com/phimage/NotarizationAuditLog",
        "state": {
          "branch": "HEAD",
          "revision": "ffe089fdd92fd05894ce66f58f05cbbf41912112",
          "version": null
        }
      },
      {
        "package": "NotarizationInfo",
        "repositoryURL": "https://github.com/phimage/NotarizationInfo",
        "state": {
          "branch": "HEAD",
          "revision": "4f9ab881090ede45625ec418a1a0b00d395fcef3",
          "version": null
        }
      }
    ]
  },
  "version": 1
}
