{
  "object": {
    "pins": [
      {
        "package": "NotarizationAuditLog",
        "repositoryURL": "https://github.com/phimage/NotarizationAuditLog",
        "state": {
          "branch": "HEAD",
          "revision": "daa6a2969d731b9d046811719f84b2fe1c2b80fb",
          "version": null
        }
      },
      {
        "package": "NotarizationInfo",
        "repositoryURL": "https://github.com/phimage/NotarizationInfo",
        "state": {
          "branch": "HEAD",
          "revision": "062244515453b56fb7208bbe23bc8a738e20e0da",
          "version": null
        }
      }
    ]
  },
  "version": 1
}
